uuid: 4dc9b13f-2655-40e8-83b7-0840bc06fefc
langcode: en
status: true
dependencies:
  module:
    - rsvplist
  theme:
    - olivero
id: thersvpblock
theme: olivero
region: sidebar
weight: 0
provider: null
plugin: rsvp_block
settings:
  id: rsvp_block
  label: 'The RSVP Block'
  label_display: visible
  provider: rsvplist
visibility: {  }
